
Microsoft Visual Studio Solution File, Format Version 12.00
# Visual Studio 15
VisualStudioVersion = 15.0.27703.2047
MinimumVisualStudioVersion = 10.0.40219.1
Project("{9A19103F-16F7-4668-BE54-9A1E7A4F7556}") = "WorkingApp", "WorkingApp\WorkingApp.csproj", "{05FE0778-E4CD-4F46-BAE4-1B5C1568B273}"
EndProject
Project("{E53339B2-1760-4266-BCC7-CA923CBCF16C}") = "docker-compose", "docker-compose.dcproj", "{D305F1BB-5A54-4619-83BD-CADA3D08C6AA}"
EndProject
Project("{FAE04EC0-301F-11D3-BF4B-00C04F79EFBC}") = "WorkingConsole", "WorkingConsole\WorkingConsole.csproj", "{4132530B-B048-413B-8181-24F24CC28C9D}"
EndProject
Project("{FAE04EC0-301F-11D3-BF4B-00C04F79EFBC}") = "WorkingLibrary", "WorkingLibrary\WorkingLibrary.csproj", "{7A927704-A438-4741-A991-B1E4313EA83D}"
EndProject
Global
	GlobalSection(SolutionConfigurationPlatforms) = preSolution
		Debug|Any CPU = Debug|Any CPU
		Release|Any CPU = Release|Any CPU
	EndGlobalSection
	GlobalSection(ProjectConfigurationPlatforms) = postSolution
		{05FE0778-E4CD-4F46-BAE4-1B5C1568B273}.Debug|Any CPU.ActiveCfg = Debug|Any CPU
		{05FE0778-E4CD-4F46-BAE4-1B5C1568B273}.Debug|Any CPU.Build.0 = Debug|Any CPU
		{05FE0778-E4CD-4F46-BAE4-1B5C1568B273}.Release|Any CPU.ActiveCfg = Release|Any CPU
		{05FE0778-E4CD-4F46-BAE4-1B5C1568B273}.Release|Any CPU.Build.0 = Release|Any CPU
		{D305F1BB-5A54-4619-83BD-CADA3D08C6AA}.Debug|Any CPU.ActiveCfg = Debug|Any CPU
		{D305F1BB-5A54-4619-83BD-CADA3D08C6AA}.Debug|Any CPU.Build.0 = Debug|Any CPU
		{D305F1BB-5A54-4619-83BD-CADA3D08C6AA}.Release|Any CPU.ActiveCfg = Release|Any CPU
		{D305F1BB-5A54-4619-83BD-CADA3D08C6AA}.Release|Any CPU.Build.0 = Release|Any CPU
		{4132530B-B048-413B-8181-24F24CC28C9D}.Debug|Any CPU.ActiveCfg = Debug|Any CPU
		{4132530B-B048-413B-8181-24F24CC28C9D}.Debug|Any CPU.Build.0 = Debug|Any CPU
		{4132530B-B048-413B-8181-24F24CC28C9D}.Release|Any CPU.ActiveCfg = Release|Any CPU
		{4132530B-B048-413B-8181-24F24CC28C9D}.Release|Any CPU.Build.0 = Release|Any CPU
		{7A927704-A438-4741-A991-B1E4313EA83D}.Debug|Any CPU.ActiveCfg = Debug|Any CPU
		{7A927704-A438-4741-A991-B1E4313EA83D}.Debug|Any CPU.Build.0 = Debug|Any CPU
		{7A927704-A438-4741-A991-B1E4313EA83D}.Release|Any CPU.ActiveCfg = Release|Any CPU
		{7A927704-A438-4741-A991-B1E4313EA83D}.Release|Any CPU.Build.0 = Release|Any CPU
	EndGlobalSection
	GlobalSection(SolutionProperties) = preSolution
		HideSolutionNode = FALSE
	EndGlobalSection
	GlobalSection(ExtensibilityGlobals) = postSolution
		SolutionGuid = {0488BF51-ABD1-40DB-8D92-D0BB630E97E1}
	EndGlobalSection
EndGlobal
